
Microsoft Visual Studio Solution File, Format Version 12.00
# Visual Studio Version 17
VisualStudioVersion = 17.8.34525.116
MinimumVisualStudioVersion = 10.0.40219.1
Project("{FAE04EC0-301F-11D3-BF4B-00C04F79EFBC}") = "OrderProcessingFunctionApp", "OrderProcessingFunctionApp.csproj", "{2C5AA39B-551A-4626-8A0E-1A6E0AB750BF}"
EndProject
Global
	GlobalSection(SolutionConfigurationPlatforms) = preSolution
		Debug|Any CPU = Debug|Any CPU
		Release|Any CPU = Release|Any CPU
	EndGlobalSection
	GlobalSection(ProjectConfigurationPlatforms) = postSolution
		{2C5AA39B-551A-4626-8A0E-1A6E0AB750BF}.Debug|Any CPU.ActiveCfg = Debug|Any CPU
		{2C5AA39B-551A-4626-8A0E-1A6E0AB750BF}.Debug|Any CPU.Build.0 = Debug|Any CPU
		{2C5AA39B-551A-4626-8A0E-1A6E0AB750BF}.Release|Any CPU.ActiveCfg = Release|Any CPU
		{2C5AA39B-551A-4626-8A0E-1A6E0AB750BF}.Release|Any CPU.Build.0 = Release|Any CPU
	EndGlobalSection
	GlobalSection(SolutionProperties) = preSolution
		HideSolutionNode = FALSE
	EndGlobalSection
	GlobalSection(ExtensibilityGlobals) = postSolution
		SolutionGuid = {24F76A25-C37D-4BE6-BC93-FCDF19102483}
	EndGlobalSection
EndGlobal
